
Microsoft Visual Studio Solution File, Format Version 11.00
# Visual Studio 2010
Project("{FAE04EC0-301F-11D3-BF4B-00C04F79EFBC}") = "AJH.CMS.WEB.UI", "AJH.CMS.WEB.UI\AJH.CMS.WEB.UI.csproj", "{7F1D629F-25CE-4006-8769-76A8F677EA6E}"
EndProject
Project("{FAE04EC0-301F-11D3-BF4B-00C04F79EFBC}") = "AJH.CMS.Core", "AJH.CMS.Core\AJH.CMS.Core.csproj", "{DDA30750-3BAB-40EB-B604-373671D38DD0}"
EndProject
Project("{C8D11400-126E-41CD-887F-60BD40844F9E}") = "SQLScripts", "SQLScripts\SQLScripts.dbproj", "{67CBC824-A49E-4E9B-A947-360F3DFE65C3}"
EndProject
Global
	GlobalSection(SolutionConfigurationPlatforms) = preSolution
		Debug|Any CPU = Debug|Any CPU
		Release|Any CPU = Release|Any CPU
	EndGlobalSection
	GlobalSection(ProjectConfigurationPlatforms) = postSolution
		{7F1D629F-25CE-4006-8769-76A8F677EA6E}.Debug|Any CPU.ActiveCfg = Debug|Any CPU
		{7F1D629F-25CE-4006-8769-76A8F677EA6E}.Debug|Any CPU.Build.0 = Debug|Any CPU
		{7F1D629F-25CE-4006-8769-76A8F677EA6E}.Release|Any CPU.ActiveCfg = Release|Any CPU
		{7F1D629F-25CE-4006-8769-76A8F677EA6E}.Release|Any CPU.Build.0 = Release|Any CPU
		{DDA30750-3BAB-40EB-B604-373671D38DD0}.Debug|Any CPU.ActiveCfg = Debug|Any CPU
		{DDA30750-3BAB-40EB-B604-373671D38DD0}.Debug|Any CPU.Build.0 = Debug|Any CPU
		{DDA30750-3BAB-40EB-B604-373671D38DD0}.Release|Any CPU.ActiveCfg = Release|Any CPU
		{DDA30750-3BAB-40EB-B604-373671D38DD0}.Release|Any CPU.Build.0 = Release|Any CPU
		{67CBC824-A49E-4E9B-A947-360F3DFE65C3}.Debug|Any CPU.ActiveCfg = Debug|Any CPU
		{67CBC824-A49E-4E9B-A947-360F3DFE65C3}.Debug|Any CPU.Build.0 = Debug|Any CPU
		{67CBC824-A49E-4E9B-A947-360F3DFE65C3}.Debug|Any CPU.Deploy.0 = Debug|Any CPU
		{67CBC824-A49E-4E9B-A947-360F3DFE65C3}.Release|Any CPU.ActiveCfg = Release|Any CPU
		{67CBC824-A49E-4E9B-A947-360F3DFE65C3}.Release|Any CPU.Build.0 = Release|Any CPU
		{67CBC824-A49E-4E9B-A947-360F3DFE65C3}.Release|Any CPU.Deploy.0 = Release|Any CPU
	EndGlobalSection
	GlobalSection(SolutionProperties) = preSolution
		HideSolutionNode = FALSE
	EndGlobalSection
EndGlobal
