
Microsoft Visual Studio Solution File, Format Version 12.00
# Visual Studio 2012
Project("{FAE04EC0-301F-11D3-BF4B-00C04F79EFBC}") = "AJH.CMS.WEB.UI", "AJH.CMS.WEB.UI\AJH.CMS.WEB.UI.csproj", "{7F1D629F-25CE-4006-8769-76A8F677EA6E}"
EndProject
Project("{FAE04EC0-301F-11D3-BF4B-00C04F79EFBC}") = "AJH.CMS.Core", "AJH.CMS.Core\AJH.CMS.Core.csproj", "{DDA30750-3BAB-40EB-B604-373671D38DD0}"
EndProject
Project("{00D1A9C2-B5F0-4AF3-8072-F6C62B433612}") = "SQLScripts", "SQLScripts\SQLScripts.sqlproj", "{B1C859E7-BCFC-4289-8D91-BD2E41BDA189}"
EndProject
Global
	GlobalSection(SolutionConfigurationPlatforms) = preSolution
		Debug|Any CPU = Debug|Any CPU
		Release|Any CPU = Release|Any CPU
	EndGlobalSection
	GlobalSection(ProjectConfigurationPlatforms) = postSolution
		{7F1D629F-25CE-4006-8769-76A8F677EA6E}.Debug|Any CPU.ActiveCfg = Debug|Any CPU
		{7F1D629F-25CE-4006-8769-76A8F677EA6E}.Debug|Any CPU.Build.0 = Debug|Any CPU
		{7F1D629F-25CE-4006-8769-76A8F677EA6E}.Release|Any CPU.ActiveCfg = Release|Any CPU
		{7F1D629F-25CE-4006-8769-76A8F677EA6E}.Release|Any CPU.Build.0 = Release|Any CPU
		{DDA30750-3BAB-40EB-B604-373671D38DD0}.Debug|Any CPU.ActiveCfg = Debug|Any CPU
		{DDA30750-3BAB-40EB-B604-373671D38DD0}.Debug|Any CPU.Build.0 = Debug|Any CPU
		{DDA30750-3BAB-40EB-B604-373671D38DD0}.Release|Any CPU.ActiveCfg = Release|Any CPU
		{DDA30750-3BAB-40EB-B604-373671D38DD0}.Release|Any CPU.Build.0 = Release|Any CPU
		{B1C859E7-BCFC-4289-8D91-BD2E41BDA189}.Debug|Any CPU.ActiveCfg = Debug|Any CPU
		{B1C859E7-BCFC-4289-8D91-BD2E41BDA189}.Debug|Any CPU.Build.0 = Debug|Any CPU
		{B1C859E7-BCFC-4289-8D91-BD2E41BDA189}.Debug|Any CPU.Deploy.0 = Debug|Any CPU
		{B1C859E7-BCFC-4289-8D91-BD2E41BDA189}.Release|Any CPU.ActiveCfg = Release|Any CPU
		{B1C859E7-BCFC-4289-8D91-BD2E41BDA189}.Release|Any CPU.Build.0 = Release|Any CPU
		{B1C859E7-BCFC-4289-8D91-BD2E41BDA189}.Release|Any CPU.Deploy.0 = Release|Any CPU
	EndGlobalSection
	GlobalSection(SolutionProperties) = preSolution
		HideSolutionNode = FALSE
	EndGlobalSection
EndGlobal
